// !$*UTF8*$!
{
	archiveVersion = 1;
	classes = {
	};
	objectVersion = 50;
	objects = {

/* Begin PBXBuildFile section */
		B6D76D2C22F30A8A00B2B979 /* main.swift in Sources */ = {isa = PBXBuildFile; fileRef = B6D76D2B22F30A8A00B2B979 /* main.swift */; };
		B6D76D3322F30AA700B2B979 /* Weapon.swift in Sources */ = {isa = PBXBuildFile; fileRef = B6D76D3222F30AA700B2B979 /* Weapon.swift */; };
		B6D76D3522F30AAD00B2B979 /* Characters.swift in Sources */ = {isa = PBXBuildFile; fileRef = B6D76D3422F30AAD00B2B979 /* Characters.swift */; };
		B6D76D3722F30AB200B2B979 /* Sword.swift in Sources */ = {isa = PBXBuildFile; fileRef = B6D76D3622F30AB200B2B979 /* Sword.swift */; };
		B6D76D3922F30AB800B2B979 /* Arrow.swift in Sources */ = {isa = PBXBuildFile; fileRef = B6D76D3822F30AB800B2B979 /* Arrow.swift */; };
		B6D76D3B22F30ABD00B2B979 /* Axe.swift in Sources */ = {isa = PBXBuildFile; fileRef = B6D76D3A22F30ABD00B2B979 /* Axe.swift */; };
		B6D76D3D22F30AC200B2B979 /* Classe.swift in Sources */ = {isa = PBXBuildFile; fileRef = B6D76D3C22F30AC200B2B979 /* Classe.swift */; };
/* End PBXBuildFile section */

/* Begin PBXCopyFilesBuildPhase section */
		B6D76D2622F30A8A00B2B979 /* CopyFiles */ = {
			isa = PBXCopyFilesBuildPhase;
			buildActionMask = 2147483647;
			dstPath = /usr/share/man/man1/;
			dstSubfolderSpec = 0;
			files = (
			);
			runOnlyForDeploymentPostprocessing = 1;
		};
/* End PBXCopyFilesBuildPhase section */

/* Begin PBXFileReference section */
		B6D76D2822F30A8A00B2B979 /* Projet 3 : RPG */ = {isa = PBXFileReference; explicitFileType = "compiled.mach-o.executable"; includeInIndex = 0; path = "Projet 3 : RPG"; sourceTree = BUILT_PRODUCTS_DIR; };
		B6D76D2B22F30A8A00B2B979 /* main.swift */ = {isa = PBXFileReference; lastKnownFileType = sourcecode.swift; path = main.swift; sourceTree = "<group>"; };
		B6D76D3222F30AA700B2B979 /* Weapon.swift */ = {isa = PBXFileReference; fileEncoding = 4; lastKnownFileType = sourcecode.swift; path = Weapon.swift; sourceTree = "<group>"; };
		B6D76D3422F30AAD00B2B979 /* Characters.swift */ = {isa = PBXFileReference; fileEncoding = 4; lastKnownFileType = sourcecode.swift; path = Characters.swift; sourceTree = "<group>"; };
		B6D76D3622F30AB200B2B979 /* Sword.swift */ = {isa = PBXFileReference; fileEncoding = 4; lastKnownFileType = sourcecode.swift; path = Sword.swift; sourceTree = "<group>"; };
		B6D76D3822F30AB800B2B979 /* Arrow.swift */ = {isa = PBXFileReference; fileEncoding = 4; lastKnownFileType = sourcecode.swift; path = Arrow.swift; sourceTree = "<group>"; };
		B6D76D3A22F30ABD00B2B979 /* Axe.swift */ = {isa = PBXFileReference; fileEncoding = 4; lastKnownFileType = sourcecode.swift; path = Axe.swift; sourceTree = "<group>"; };
		B6D76D3C22F30AC200B2B979 /* Classe.swift */ = {isa = PBXFileReference; fileEncoding = 4; lastKnownFileType = sourcecode.swift; path = Classe.swift; sourceTree = "<group>"; };
/* End PBXFileReference section */

/* Begin PBXFrameworksBuildPhase section */
		B6D76D2522F30A8A00B2B979 /* Frameworks */ = {
			isa = PBXFrameworksBuildPhase;
			buildActionMask = 2147483647;
			files = (
			);
			runOnlyForDeploymentPostprocessing = 0;
		};
/* End PBXFrameworksBuildPhase section */

/* Begin PBXGroup section */
		B6D76D1F22F30A8A00B2B979 = {
			isa = PBXGroup;
			children = (
				B6D76D2A22F30A8A00B2B979 /* Projet 3 : RPG */,
				B6D76D2922F30A8A00B2B979 /* Products */,
			);
			sourceTree = "<group>";
		};
		B6D76D2922F30A8A00B2B979 /* Products */ = {
			isa = PBXGroup;
			children = (
				B6D76D2822F30A8A00B2B979 /* Projet 3 : RPG */,
			);
			name = Products;
			sourceTree = "<group>";
		};
		B6D76D2A22F30A8A00B2B979 /* Projet 3 : RPG */ = {
			isa = PBXGroup;
			children = (
				B6D76D3222F30AA700B2B979 /* Weapon.swift */,
				B6D76D3A22F30ABD00B2B979 /* Axe.swift */,
				B6D76D3822F30AB800B2B979 /* Arrow.swift */,
				B6D76D3622F30AB200B2B979 /* Sword.swift */,
				B6D76D3422F30AAD00B2B979 /* Characters.swift */,
				B6D76D3C22F30AC200B2B979 /* Classe.swift */,
				B6D76D2B22F30A8A00B2B979 /* main.swift */,
			);
			path = "Projet 3 : RPG";
			sourceTree = "<group>";
		};
/* End PBXGroup section */

/* Begin PBXNativeTarget section */
		B6D76D2722F30A8A00B2B979 /* Projet 3 : RPG */ = {
			isa = PBXNativeTarget;
			buildConfigurationList = B6D76D2F22F30A8A00B2B979 /* Build configuration list for PBXNativeTarget "Projet 3 : RPG" */;
			buildPhases = (
				B6D76D2422F30A8A00B2B979 /* Sources */,
				B6D76D2522F30A8A00B2B979 /* Frameworks */,
				B6D76D2622F30A8A00B2B979 /* CopyFiles */,
			);
			buildRules = (
			);
			dependencies = (
			);
			name = "Projet 3 : RPG";
			productName = "Projet 3 : RPG";
			productReference = B6D76D2822F30A8A00B2B979 /* Projet 3 : RPG */;
			productType = "com.apple.product-type.tool";
		};
/* End PBXNativeTarget section */

/* Begin PBXProject section */
		B6D76D2022F30A8A00B2B979 /* Project object */ = {
			isa = PBXProject;
			attributes = {
				LastSwiftUpdateCheck = 1030;
				LastUpgradeCheck = 1030;
				ORGANIZATIONNAME = "French game factory";
				TargetAttributes = {
					B6D76D2722F30A8A00B2B979 = {
						CreatedOnToolsVersion = 10.3;
					};
				};
			};
			buildConfigurationList = B6D76D2322F30A8A00B2B979 /* Build configuration list for PBXProject "Projet 3 : RPG" */;
			compatibilityVersion = "Xcode 9.3";
			developmentRegion = en;
			hasScannedForEncodings = 0;
			knownRegions = (
				en,
			);
			mainGroup = B6D76D1F22F30A8A00B2B979;
			productRefGroup = B6D76D2922F30A8A00B2B979 /* Products */;
			projectDirPath = "";
			projectRoot = "";
			targets = (
				B6D76D2722F30A8A00B2B979 /* Projet 3 : RPG */,
			);
		};
/* End PBXProject section */

/* Begin PBXSourcesBuildPhase section */
		B6D76D2422F30A8A00B2B979 /* Sources */ = {
			isa = PBXSourcesBuildPhase;
			buildActionMask = 2147483647;
			files = (
				B6D76D2C22F30A8A00B2B979 /* main.swift in Sources */,
				B6D76D3722F30AB200B2B979 /* Sword.swift in Sources */,
				B6D76D3B22F30ABD00B2B979 /* Axe.swift in Sources */,
				B6D76D3522F30AAD00B2B979 /* Characters.swift in Sources */,
				B6D76D3D22F30AC200B2B979 /* Classe.swift in Sources */,
				B6D76D3922F30AB800B2B979 /* Arrow.swift in Sources */,
				B6D76D3322F30AA700B2B979 /* Weapon.swift in Sources */,
			);
			runOnlyForDeploymentPostprocessing = 0;
		};
/* End PBXSourcesBuildPhase section */

/* Begin XCBuildConfiguration section */
		B6D76D2D22F30A8A00B2B979 /* Debug */ = {
			isa = XCBuildConfiguration;
			buildSettings = {
				ALWAYS_SEARCH_USER_PATHS = NO;
				CLANG_ANALYZER_NONNULL = YES;
				CLANG_ANALYZER_NUMBER_OBJECT_CONVERSION = YES_AGGRESSIVE;
				CLANG_CXX_LANGUAGE_STANDARD = "gnu++14";
				CLANG_CXX_LIBRARY = "libc++";
				CLANG_ENABLE_MODULES = YES;
				CLANG_ENABLE_OBJC_ARC = YES;
				CLANG_ENABLE_OBJC_WEAK = YES;
				CLANG_WARN_BLOCK_CAPTURE_AUTORELEASING = YES;
				CLANG_WARN_BOOL_CONVERSION = YES;
				CLANG_WARN_COMMA = YES;
				CLANG_WARN_CONSTANT_CONVERSION = YES;
				CLANG_WARN_DEPRECATED_OBJC_IMPLEMENTATIONS = YES;
				CLANG_WARN_DIRECT_OBJC_ISA_USAGE = YES_ERROR;
				CLANG_WARN_DOCUMENTATION_COMMENTS = YES;
				CLANG_WARN_EMPTY_BODY = YES;
				CLANG_WARN_ENUM_CONVERSION = YES;
				CLANG_WARN_INFINITE_RECURSION = YES;
				CLANG_WARN_INT_CONVERSION = YES;
				CLANG_WARN_NON_LITERAL_NULL_CONVERSION = YES;
				CLANG_WARN_OBJC_IMPLICIT_RETAIN_SELF = YES;
				CLANG_WARN_OBJC_LITERAL_CONVERSION = YES;
				CLANG_WARN_OBJC_ROOT_CLASS = YES_ERROR;
				CLANG_WARN_RANGE_LOOP_ANALYSIS = YES;
				CLANG_WARN_STRICT_PROTOTYPES = YES;
				CLANG_WARN_SUSPICIOUS_MOVE = YES;
				CLANG_WARN_UNGUARDED_AVAILABILITY = YES_AGGRESSIVE;
				CLANG_WARN_UNREACHABLE_CODE = YES;
				CLANG_WARN__DUPLICATE_METHOD_MATCH = YES;
				CODE_SIGN_IDENTITY = "Mac Developer";
				COPY_PHASE_STRIP = NO;
				DEBUG_INFORMATION_FORMAT = dwarf;
				ENABLE_STRICT_OBJC_MSGSEND = YES;
				ENABLE_TESTABILITY = YES;
				GCC_C_LANGUAGE_STANDARD = gnu11;
				GCC_DYNAMIC_NO_PIC = NO;
				GCC_NO_COMMON_BLOCKS = YES;
				GCC_OPTIMIZATION_LEVEL = 0;
				GCC_PREPROCESSOR_DEFINITIONS = (
					"DEBUG=1",
					"$(inherited)",
				);
				GCC_WARN_64_TO_32_BIT_CONVERSION = YES;
				GCC_WARN_ABOUT_RETURN_TYPE = YES_ERROR;
				GCC_WARN_UNDECLARED_SELECTOR = YES;
				GCC_WARN_UNINITIALIZED_AUTOS = YES_AGGRESSIVE;
				GCC_WARN_UNUSED_FUNCTION = YES;
				GCC_WARN_UNUSED_VARIABLE = YES;
				MACOSX_DEPLOYMENT_TARGET = 10.15;
				MTL_ENABLE_DEBUG_INFO = INCLUDE_SOURCE;
				MTL_FAST_MATH = YES;
				ONLY_ACTIVE_ARCH = YES;
				SDKROOT = macosx;
				SWIFT_ACTIVE_COMPILATION_CONDITIONS = DEBUG;
				SWIFT_OPTIMIZATION_LEVEL = "-Onone";
			};
			name = Debug;
		};
		B6D76D2E22F30A8A00B2B979 /* Release */ = {
			isa = XCBuildConfiguration;
			buildSettings = {
				ALWAYS_SEARCH_USER_PATHS = NO;
				CLANG_ANALYZER_NONNULL = YES;
				CLANG_ANALYZER_NUMBER_OBJECT_CONVERSION = YES_AGGRESSIVE;
				CLANG_CXX_LANGUAGE_STANDARD = "gnu++14";
				CLANG_CXX_LIBRARY = "libc++";
				CLANG_ENABLE_MODULES = YES;
				CLANG_ENABLE_OBJC_ARC = YES;
				CLANG_ENABLE_OBJC_WEAK = YES;
				CLANG_WARN_BLOCK_CAPTURE_AUTORELEASING = YES;
				CLANG_WARN_BOOL_CONVERSION = YES;
				CLANG_WARN_COMMA = YES;
				CLANG_WARN_CONSTANT_CONVERSION = YES;
				CLANG_WARN_DEPRECATED_OBJC_IMPLEMENTATIONS = YES;
				CLANG_WARN_DIRECT_OBJC_ISA_USAGE = YES_ERROR;
				CLANG_WARN_DOCUMENTATION_COMMENTS = YES;
				CLANG_WARN_EMPTY_BODY = YES;
				CLANG_WARN_ENUM_CONVERSION = YES;
				CLANG_WARN_INFINITE_RECURSION = YES;
				CLANG_WARN_INT_CONVERSION = YES;
				CLANG_WARN_NON_LITERAL_NULL_CONVERSION = YES;
				CLANG_WARN_OBJC_IMPLICIT_RETAIN_SELF = YES;
				CLANG_WARN_OBJC_LITERAL_CONVERSION = YES;
				CLANG_WARN_OBJC_ROOT_CLASS = YES_ERROR;
				CLANG_WARN_RANGE_LOOP_ANALYSIS = YES;
				CLANG_WARN_STRICT_PROTOTYPES = YES;
				CLANG_WARN_SUSPICIOUS_MOVE = YES;
				CLANG_WARN_UNGUARDED_AVAILABILITY = YES_AGGRESSIVE;
				CLANG_WARN_UNREACHABLE_CODE = YES;
				CLANG_WARN__DUPLICATE_METHOD_MATCH = YES;
				CODE_SIGN_IDENTITY = "Mac Developer";
				COPY_PHASE_STRIP = NO;
				DEBUG_INFORMATION_FORMAT = "dwarf-with-dsym";
				ENABLE_NS_ASSERTIONS = NO;
				ENABLE_STRICT_OBJC_MSGSEND = YES;
				GCC_C_LANGUAGE_STANDARD = gnu11;
				GCC_NO_COMMON_BLOCKS = YES;
				GCC_WARN_64_TO_32_BIT_CONVERSION = YES;
				GCC_WARN_ABOUT_RETURN_TYPE = YES_ERROR;
				GCC_WARN_UNDECLARED_SELECTOR = YES;
				GCC_WARN_UNINITIALIZED_AUTOS = YES_AGGRESSIVE;
				GCC_WARN_UNUSED_FUNCTION = YES;
				GCC_WARN_UNUSED_VARIABLE = YES;
				MACOSX_DEPLOYMENT_TARGET = 10.15;
				MTL_ENABLE_DEBUG_INFO = NO;
				MTL_FAST_MATH = YES;
				SDKROOT = macosx;
				SWIFT_COMPILATION_MODE = wholemodule;
				SWIFT_OPTIMIZATION_LEVEL = "-O";
			};
			name = Release;
		};
		B6D76D3022F30A8A00B2B979 /* Debug */ = {
			isa = XCBuildConfiguration;
			buildSettings = {
				CODE_SIGN_STYLE = Automatic;
				DEVELOPMENT_TEAM = U43D64A3HX;
				MACOSX_DEPLOYMENT_TARGET = 10.14;
				PRODUCT_NAME = "$(TARGET_NAME)";
				SWIFT_VERSION = 5.0;
			};
			name = Debug;
		};
		B6D76D3122F30A8A00B2B979 /* Release */ = {
			isa = XCBuildConfiguration;
			buildSettings = {
				CODE_SIGN_STYLE = Automatic;
				DEVELOPMENT_TEAM = U43D64A3HX;
				MACOSX_DEPLOYMENT_TARGET = 10.14;
				PRODUCT_NAME = "$(TARGET_NAME)";
				SWIFT_VERSION = 5.0;
			};
			name = Release;
		};
/* End XCBuildConfiguration section */

/* Begin XCConfigurationList section */
		B6D76D2322F30A8A00B2B979 /* Build configuration list for PBXProject "Projet 3 : RPG" */ = {
			isa = XCConfigurationList;
			buildConfigurations = (
				B6D76D2D22F30A8A00B2B979 /* Debug */,
				B6D76D2E22F30A8A00B2B979 /* Release */,
			);
			defaultConfigurationIsVisible = 0;
			defaultConfigurationName = Release;
		};
		B6D76D2F22F30A8A00B2B979 /* Build configuration list for PBXNativeTarget "Projet 3 : RPG" */ = {
			isa = XCConfigurationList;
			buildConfigurations = (
				B6D76D3022F30A8A00B2B979 /* Debug */,
				B6D76D3122F30A8A00B2B979 /* Release */,
			);
			defaultConfigurationIsVisible = 0;
			defaultConfigurationName = Release;
		};
/* End XCConfigurationList section */
	};
	rootObject = B6D76D2022F30A8A00B2B979 /* Project object */;
}
